{
  "version": 4,
  "terraform_version": "1.8.3",
  "serial": 6,
  "lineage": "8a115e23-7c19-6bd0-c138-712eb43a66df",
  "outputs": {},
  "resources": [
    {
      "mode": "managed",
      "type": "oci_core_vcn",
      "name": "vcn_3",
      "provider": "provider[\"registry.terraform.io/oracle/oci\"]",
      "instances": [
        {
          "schema_version": 0,
          "attributes": {
            "byoipv6cidr_blocks": [],
            "byoipv6cidr_details": null,
            "cidr_block": "10.0.32.0/20",
            "cidr_blocks": [
              "10.0.32.0/20"
            ],
            "compartment_id": "ocid1.compartment.oc1..aaaaaaaa7wiqnzbask76wdcufdwkglknslhaxfujnrnz5z7c72pvkg5t4cqa",
            "default_dhcp_options_id": "ocid1.dhcpoptions.oc1.uk-london-1.aaaaaaaaz3nsr5eswyow5s6qfeuwnybjyghhctsbr5puopw47myj2djygjdq",
            "default_route_table_id": "ocid1.routetable.oc1.uk-london-1.aaaaaaaa2beny74ajpo76hyqm74hkgbpots3l5lwyu3euvlb4mkhl2dcy2oq",
            "default_security_list_id": "ocid1.securitylist.oc1.uk-london-1.aaaaaaaajmxc3v7c2bacurzgguanpjfzg5snukhfeoptpj346ndm3n7emcra",
            "defined_tags": {
              "Oracle-Tags.CreatedBy": "default/cmbt1984@gmail.com",
              "Oracle-Tags.CreatedOn": "2024-06-04T16:24:51.724Z"
            },
            "display_name": "vcn-dev-3",
            "dns_label": null,
            "freeform_tags": {},
            "id": "ocid1.vcn.oc1.uk-london-1.amaaaaaaqmuekxaa7qdyc4hocsm4cqd2tse235bnwlegjyyqrxc53yilhhfa",
            "ipv6cidr_blocks": [],
            "ipv6private_cidr_blocks": [],
            "is_ipv6enabled": false,
            "is_oracle_gua_allocation_enabled": null,
            "state": "AVAILABLE",
            "time_created": "2024-06-04 16:24:51.825 +0000 UTC",
            "timeouts": null,
            "vcn_domain_name": null
          },
          "sensitive_attributes": [],
          "private": "eyJlMmJmYjczMC1lY2FhLTExZTYtOGY4OC0zNDM2M2JjN2M0YzAiOnsiY3JlYXRlIjoxMjAwMDAwMDAwMDAwLCJkZWxldGUiOjEyMDAwMDAwMDAwMDAsInVwZGF0ZSI6MTIwMDAwMDAwMDAwMH19"
        }
      ]
    },
    {
      "module": "module.vcn_1",
      "mode": "managed",
      "type": "oci_core_default_security_list",
      "name": "lockdown",
      "provider": "provider[\"registry.terraform.io/oracle/oci\"]",
      "instances": [
        {
          "index_key": 0,
          "schema_version": 0,
          "attributes": {
            "compartment_id": "ocid1.compartment.oc1..aaaaaaaa7wiqnzbask76wdcufdwkglknslhaxfujnrnz5z7c72pvkg5t4cqa",
            "defined_tags": {
              "Oracle-Tags.CreatedBy": "default/cmbt1984@gmail.com",
              "Oracle-Tags.CreatedOn": "2024-06-04T16:24:51.724Z"
            },
            "display_name": "Default Security List for vcn-dev-1",
            "egress_security_rules": [],
            "freeform_tags": {
              "module": "oracle-terraform-modules/vcn/oci",
              "terraformed": "Please do not edit manually"
            },
            "id": "ocid1.securitylist.oc1.uk-london-1.aaaaaaaadaux5o3y5b6ewjf2gemenloxtn4sxqfkkofs36e7alheuualdzxq",
            "ingress_security_rules": [],
            "manage_default_resource_id": "ocid1.securitylist.oc1.uk-london-1.aaaaaaaadaux5o3y5b6ewjf2gemenloxtn4sxqfkkofs36e7alheuualdzxq",
            "state": "AVAILABLE",
            "time_created": "2024-06-04 16:24:52.353 +0000 UTC",
            "timeouts": null
          },
          "sensitive_attributes": [],
          "private": "eyJlMmJmYjczMC1lY2FhLTExZTYtOGY4OC0zNDM2M2JjN2M0YzAiOnsiY3JlYXRlIjoxMjAwMDAwMDAwMDAwLCJkZWxldGUiOjEyMDAwMDAwMDAwMDAsInVwZGF0ZSI6MTIwMDAwMDAwMDAwMH19",
          "dependencies": [
            "module.vcn_1.oci_core_vcn.vcn"
          ]
        }
      ]
    },
    {
      "module": "module.vcn_1",
      "mode": "managed",
      "type": "oci_core_vcn",
      "name": "vcn",
      "provider": "provider[\"registry.terraform.io/oracle/oci\"]",
      "instances": [
        {
          "schema_version": 0,
          "attributes": {
            "byoipv6cidr_blocks": [],
            "byoipv6cidr_details": null,
            "cidr_block": "10.0.0.0/20",
            "cidr_blocks": [
              "10.0.0.0/20"
            ],
            "compartment_id": "ocid1.compartment.oc1..aaaaaaaa7wiqnzbask76wdcufdwkglknslhaxfujnrnz5z7c72pvkg5t4cqa",
            "default_dhcp_options_id": "ocid1.dhcpoptions.oc1.uk-london-1.aaaaaaaasherzy5dd7rxsdjroymntz5oo4z4bicxicntyi6itdg44lzjbwoa",
            "default_route_table_id": "ocid1.routetable.oc1.uk-london-1.aaaaaaaaar5cfe23hz3bcttw2rp4ot7wkswrsm7xc6duic3zuwa425uq6afq",
            "default_security_list_id": "ocid1.securitylist.oc1.uk-london-1.aaaaaaaadaux5o3y5b6ewjf2gemenloxtn4sxqfkkofs36e7alheuualdzxq",
            "defined_tags": {
              "Oracle-Tags.CreatedBy": "default/cmbt1984@gmail.com",
              "Oracle-Tags.CreatedOn": "2024-06-04T16:24:51.724Z"
            },
            "display_name": "vcn-dev-1",
            "dns_label": "vcnmodule",
            "freeform_tags": {
              "module": "oracle-terraform-modules/vcn/oci",
              "terraformed": "Please do not edit manually"
            },
            "id": "ocid1.vcn.oc1.uk-london-1.amaaaaaaqmuekxaaw6wo4z2vpukme2yjctiyp2b4n3uwfqljljaplyaouffa",
            "ipv6cidr_blocks": [],
            "ipv6private_cidr_blocks": [],
            "is_ipv6enabled": false,
            "is_oracle_gua_allocation_enabled": null,
            "state": "AVAILABLE",
            "time_created": "2024-06-04 16:24:52.353 +0000 UTC",
            "timeouts": null,
            "vcn_domain_name": "vcnmodule.oraclevcn.com"
          },
          "sensitive_attributes": [],
          "private": "eyJlMmJmYjczMC1lY2FhLTExZTYtOGY4OC0zNDM2M2JjN2M0YzAiOnsiY3JlYXRlIjoxMjAwMDAwMDAwMDAwLCJkZWxldGUiOjEyMDAwMDAwMDAwMDAsInVwZGF0ZSI6MTIwMDAwMDAwMDAwMH19"
        }
      ]
    },
    {
      "module": "module.vcn_2",
      "mode": "managed",
      "type": "oci_core_default_security_list",
      "name": "lockdown",
      "provider": "provider[\"registry.terraform.io/oracle/oci\"]",
      "instances": [
        {
          "index_key": 0,
          "schema_version": 0,
          "attributes": {
            "compartment_id": "ocid1.compartment.oc1..aaaaaaaa7wiqnzbask76wdcufdwkglknslhaxfujnrnz5z7c72pvkg5t4cqa",
            "defined_tags": {
              "Oracle-Tags.CreatedBy": "default/cmbt1984@gmail.com",
              "Oracle-Tags.CreatedOn": "2024-06-04T16:24:51.720Z"
            },
            "display_name": "Default Security List for vcn-dev-2",
            "egress_security_rules": [],
            "freeform_tags": {
              "module": "oracle-terraform-modules/vcn/oci",
              "terraformed": "Please do not edit manually"
            },
            "id": "ocid1.securitylist.oc1.uk-london-1.aaaaaaaao4bc2oes6wo6vxgtljanmzfyaajqsway2uv6q6fzgb4utwlqcctq",
            "ingress_security_rules": [],
            "manage_default_resource_id": "ocid1.securitylist.oc1.uk-london-1.aaaaaaaao4bc2oes6wo6vxgtljanmzfyaajqsway2uv6q6fzgb4utwlqcctq",
            "state": "AVAILABLE",
            "time_created": "2024-06-04 16:24:52.363 +0000 UTC",
            "timeouts": null
          },
          "sensitive_attributes": [],
          "private": "eyJlMmJmYjczMC1lY2FhLTExZTYtOGY4OC0zNDM2M2JjN2M0YzAiOnsiY3JlYXRlIjoxMjAwMDAwMDAwMDAwLCJkZWxldGUiOjEyMDAwMDAwMDAwMDAsInVwZGF0ZSI6MTIwMDAwMDAwMDAwMH19",
          "dependencies": [
            "module.vcn_2.oci_core_vcn.vcn"
          ]
        }
      ]
    },
    {
      "module": "module.vcn_2",
      "mode": "managed",
      "type": "oci_core_vcn",
      "name": "vcn",
      "provider": "provider[\"registry.terraform.io/oracle/oci\"]",
      "instances": [
        {
          "schema_version": 0,
          "attributes": {
            "byoipv6cidr_blocks": [],
            "byoipv6cidr_details": null,
            "cidr_block": "10.0.16.0/20",
            "cidr_blocks": [
              "10.0.16.0/20"
            ],
            "compartment_id": "ocid1.compartment.oc1..aaaaaaaa7wiqnzbask76wdcufdwkglknslhaxfujnrnz5z7c72pvkg5t4cqa",
            "default_dhcp_options_id": "ocid1.dhcpoptions.oc1.uk-london-1.aaaaaaaavccwgsf3b6xr7sxravjwn667jtdqxmtjprlel3sdilotx4cst5qa",
            "default_route_table_id": "ocid1.routetable.oc1.uk-london-1.aaaaaaaamauygc3fhcaekih2vn3fqwmte2zuz2yth2apoehlsdjo7tpuuc6a",
            "default_security_list_id": "ocid1.securitylist.oc1.uk-london-1.aaaaaaaao4bc2oes6wo6vxgtljanmzfyaajqsway2uv6q6fzgb4utwlqcctq",
            "defined_tags": {
              "Oracle-Tags.CreatedBy": "default/cmbt1984@gmail.com",
              "Oracle-Tags.CreatedOn": "2024-06-04T16:24:51.720Z"
            },
            "display_name": "vcn-dev-2",
            "dns_label": "vcnmodule",
            "freeform_tags": {
              "module": "oracle-terraform-modules/vcn/oci",
              "terraformed": "Please do not edit manually"
            },
            "id": "ocid1.vcn.oc1.uk-london-1.amaaaaaaqmuekxaagp2xtj7vrzthojz6a6gtiit2uvdgszq3vgfuegqicnha",
            "ipv6cidr_blocks": [],
            "ipv6private_cidr_blocks": [],
            "is_ipv6enabled": false,
            "is_oracle_gua_allocation_enabled": null,
            "state": "AVAILABLE",
            "time_created": "2024-06-04 16:24:52.363 +0000 UTC",
            "timeouts": null,
            "vcn_domain_name": "vcnmodule.oraclevcn.com"
          },
          "sensitive_attributes": [],
          "private": "eyJlMmJmYjczMC1lY2FhLTExZTYtOGY4OC0zNDM2M2JjN2M0YzAiOnsiY3JlYXRlIjoxMjAwMDAwMDAwMDAwLCJkZWxldGUiOjEyMDAwMDAwMDAwMDAsInVwZGF0ZSI6MTIwMDAwMDAwMDAwMH19"
        }
      ]
    }
  ],
  "check_results": [
    {
      "object_kind": "var",
      "config_addr": "module.vcn_1.var.service_gateway_display_name",
      "status": "unknown",
      "objects": [
        {
          "object_addr": "module.vcn_1.var.service_gateway_display_name",
          "status": "unknown"
        }
      ]
    },
    {
      "object_kind": "var",
      "config_addr": "module.vcn_1.var.vcn_dns_label",
      "status": "pass",
      "objects": [
        {
          "object_addr": "module.vcn_1.var.vcn_dns_label",
          "status": "pass"
        }
      ]
    },
    {
      "object_kind": "var",
      "config_addr": "module.vcn_2.var.vcn_dns_label",
      "status": "pass",
      "objects": [
        {
          "object_addr": "module.vcn_2.var.vcn_dns_label",
          "status": "pass"
        }
      ]
    },
    {
      "object_kind": "var",
      "config_addr": "module.vcn_1.var.vcn_name",
      "status": "pass",
      "objects": [
        {
          "object_addr": "module.vcn_1.var.vcn_name",
          "status": "pass"
        }
      ]
    },
    {
      "object_kind": "var",
      "config_addr": "module.vcn_2.var.nat_gateway_display_name",
      "status": "unknown",
      "objects": [
        {
          "object_addr": "module.vcn_2.var.nat_gateway_display_name",
          "status": "unknown"
        }
      ]
    },
    {
      "object_kind": "var",
      "config_addr": "module.vcn_2.var.vcn_name",
      "status": "pass",
      "objects": [
        {
          "object_addr": "module.vcn_2.var.vcn_name",
          "status": "pass"
        }
      ]
    },
    {
      "object_kind": "var",
      "config_addr": "module.vcn_1.var.internet_gateway_display_name",
      "status": "unknown",
      "objects": [
        {
          "object_addr": "module.vcn_1.var.internet_gateway_display_name",
          "status": "unknown"
        }
      ]
    },
    {
      "object_kind": "var",
      "config_addr": "module.vcn_2.var.service_gateway_display_name",
      "status": "unknown",
      "objects": [
        {
          "object_addr": "module.vcn_2.var.service_gateway_display_name",
          "status": "unknown"
        }
      ]
    },
    {
      "object_kind": "var",
      "config_addr": "module.vcn_1.var.nat_gateway_display_name",
      "status": "unknown",
      "objects": [
        {
          "object_addr": "module.vcn_1.var.nat_gateway_display_name",
          "status": "unknown"
        }
      ]
    },
    {
      "object_kind": "var",
      "config_addr": "module.vcn_2.var.internet_gateway_display_name",
      "status": "unknown",
      "objects": [
        {
          "object_addr": "module.vcn_2.var.internet_gateway_display_name",
          "status": "unknown"
        }
      ]
    }
  ]
}
