{
  "version": 4,
  "terraform_version": "1.8.3",
  "serial": 72,
  "lineage": "7229dd1b-3c93-ca06-a2f5-e3a99df615f0",
  "outputs": {},
  "resources": [
    {
      "mode": "managed",
      "type": "oci_core_vcn",
      "name": "vcn_3",
      "provider": "provider[\"registry.terraform.io/oracle/oci\"]",
      "instances": [
        {
          "schema_version": 0,
          "attributes": {
            "byoipv6cidr_blocks": [],
            "byoipv6cidr_details": null,
            "cidr_block": "10.0.32.0/20",
            "cidr_blocks": [
              "10.0.32.0/20"
            ],
            "compartment_id": "ocid1.compartment.oc1..aaaaaaaa7wiqnzbask76wdcufdwkglknslhaxfujnrnz5z7c72pvkg5t4cqa",
            "default_dhcp_options_id": "ocid1.dhcpoptions.oc1.uk-london-1.aaaaaaaaibyav7losrteiwlij4wvk5x56vrjtejjwzgqmdvpfmuwpqmmbyvq",
            "default_route_table_id": "ocid1.routetable.oc1.uk-london-1.aaaaaaaayi4s6rrfs4gsszyjhkvaoi7e27laxirszqolpw2c5wa7zwyajnyq",
            "default_security_list_id": "ocid1.securitylist.oc1.uk-london-1.aaaaaaaai3mxiextzuu5wytjxqvgdnxbqa3lfsfxxyrlgb7gml65dodf7sma",
            "defined_tags": {
              "Oracle-Tags.CreatedBy": "default/cmbt1984@gmail.com",
              "Oracle-Tags.CreatedOn": "2024-06-19T11:33:50.079Z"
            },
            "display_name": "github-vcn-dev-3",
            "dns_label": null,
            "freeform_tags": {},
            "id": "ocid1.vcn.oc1.uk-london-1.amaaaaaaqmuekxaa6o2n7jlo5ilss7dc3zdlehsaqkg6xlilkfinhyqktv3q",
            "ipv6cidr_blocks": [],
            "ipv6private_cidr_blocks": [],
            "is_ipv6enabled": false,
            "is_oracle_gua_allocation_enabled": null,
            "state": "AVAILABLE",
            "time_created": "2024-06-19 11:33:50.119 +0000 UTC",
            "timeouts": null,
            "vcn_domain_name": null
          },
          "sensitive_attributes": [],
          "private": "eyJlMmJmYjczMC1lY2FhLTExZTYtOGY4OC0zNDM2M2JjN2M0YzAiOnsiY3JlYXRlIjoxMjAwMDAwMDAwMDAwLCJkZWxldGUiOjEyMDAwMDAwMDAwMDAsInVwZGF0ZSI6MTIwMDAwMDAwMDAwMH19"
        }
      ]
    },
    {
      "mode": "managed",
      "type": "oci_identity_dynamic_group",
      "name": "dynamic_group_1",
      "provider": "provider[\"registry.terraform.io/oracle/oci\"]",
      "instances": [
        {
          "schema_version": 0,
          "attributes": {
            "compartment_id": "ocid1.tenancy.oc1..aaaaaaaa2sfoudbchozbdw7nuktrnvtzxnij6c64zgbrrncqyid7hja4dl4q",
            "defined_tags": {
              "Oracle-Tags.CreatedBy": "default/cmbt1984@gmail.com",
              "Oracle-Tags.CreatedOn": "2024-06-19T11:33:50.164Z"
            },
            "description": "just to test",
            "freeform_tags": {},
            "id": "ocid1.dynamicgroup.oc1..aaaaaaaai7abetkcr43mmmjkc7weko4hyyuxc6wh3cx2vrf2tr3f26kuaoyq",
            "inactive_state": null,
            "matching_rule": "All {resource.compartment.id = 'ocid1.compartment.oc1..aaaaaaaa7wiqnzbask76wdcufdwkglknslhaxfujnrnz5z7c72pvkg5t4cqa', Any {resource.type = 'devopsdeploypipeline', resource.type = 'devopsbuildpipeline', resource.type = 'devopsrepository', resource.type = 'devopsconnection', resource.type = 'devopstrigger'}}",
            "name": "dynamyc_group_random-github",
            "state": "ACTIVE",
            "time_created": "2024-06-19 11:33:50.27 +0000 UTC",
            "timeouts": null
          },
          "sensitive_attributes": [],
          "private": "eyJlMmJmYjczMC1lY2FhLTExZTYtOGY4OC0zNDM2M2JjN2M0YzAiOnsiY3JlYXRlIjoxMjAwMDAwMDAwMDAwLCJkZWxldGUiOjEyMDAwMDAwMDAwMDAsInVwZGF0ZSI6MTIwMDAwMDAwMDAwMH19"
        }
      ]
    },
    {
      "mode": "managed",
      "type": "oci_identity_policy",
      "name": "recommended_policy_1",
      "provider": "provider[\"registry.terraform.io/oracle/oci\"]",
      "instances": [
        {
          "schema_version": 0,
          "attributes": {
            "ETag": "f5bdbd61da8b9790e7bceb882d44542901931c9c",
            "compartment_id": "ocid1.compartment.oc1..aaaaaaaa7wiqnzbask76wdcufdwkglknslhaxfujnrnz5z7c72pvkg5t4cqa",
            "defined_tags": {
              "Oracle-Tags.CreatedBy": "default/cmbt1984@gmail.com",
              "Oracle-Tags.CreatedOn": "2024-06-19T11:33:51.271Z"
            },
            "description": "Recommended policies while creating the building pipeline in OCI DevOps. Core policies for managed build pipeline stage type.",
            "freeform_tags": {},
            "id": "ocid1.policy.oc1..aaaaaaaa7hkmtkmezk6s4n3emrpoch5z7ha3z57lspt43lr2yynhzur3sm2q",
            "inactive_state": null,
            "lastUpdateETag": "f5bdbd61da8b9790e7bceb882d44542901931c9c",
            "name": "recommended_policy_1-github",
            "policyHash": "3357f75ad691a0af56997605ba001bbb",
            "state": "ACTIVE",
            "statements": [
              "Allow dynamic-group dynamyc_group_random-github to read secret-family in compartment cmbt-compartment-for-github-actions-deployment",
              "Allow dynamic-group dynamyc_group_random-github to use ons-topics in compartment cmbt-compartment-for-github-actions-deployment",
              "Allow dynamic-group dynamyc_group_random-github to use adm-knowledge-bases in compartment cmbt-compartment-for-github-actions-deployment",
              "Allow dynamic-group dynamyc_group_random-github to use devops-family in compartment cmbt-compartment-for-github-actions-deployment"
            ],
            "time_created": "2024-06-19 11:33:51.289 +0000 UTC",
            "timeouts": null,
            "version_date": null
          },
          "sensitive_attributes": [],
          "private": "eyJlMmJmYjczMC1lY2FhLTExZTYtOGY4OC0zNDM2M2JjN2M0YzAiOnsiY3JlYXRlIjoxMjAwMDAwMDAwMDAwLCJkZWxldGUiOjEyMDAwMDAwMDAwMDAsInVwZGF0ZSI6MTIwMDAwMDAwMDAwMH19",
          "dependencies": [
            "oci_identity_dynamic_group.dynamic_group_1"
          ]
        }
      ]
    },
    {
      "mode": "managed",
      "type": "oci_identity_policy",
      "name": "recommended_policy_2",
      "provider": "provider[\"registry.terraform.io/oracle/oci\"]",
      "instances": [
        {
          "schema_version": 0,
          "attributes": {
            "ETag": "0325958e2db55d70b7a0cfe25dcc47980c749d7e",
            "compartment_id": "ocid1.compartment.oc1..aaaaaaaa7wiqnzbask76wdcufdwkglknslhaxfujnrnz5z7c72pvkg5t4cqa",
            "defined_tags": {
              "Oracle-Tags.CreatedBy": "default/cmbt1984@gmail.com",
              "Oracle-Tags.CreatedOn": "2024-06-19T11:33:51.328Z"
            },
            "description": "Recommended policies while creating the building pipeline in OCI DevOps. Policies for VCN connection for managed build pipeline stage type.",
            "freeform_tags": {},
            "id": "ocid1.policy.oc1..aaaaaaaalailybphbwh5kygyv557txazt5vodacdkyc22rpyjdkjcr2jella",
            "inactive_state": null,
            "lastUpdateETag": "0325958e2db55d70b7a0cfe25dcc47980c749d7e",
            "name": "recommended_policy_2-github",
            "policyHash": "fa0bde4ceabd9106d30cce19bda322ed",
            "state": "ACTIVE",
            "statements": [
              "Allow dynamic-group dynamyc_group_random-github to manage adm-vulnerability-audits in compartment cmbt-compartment-for-github-actions-deployment",
              "Allow dynamic-group dynamyc_group_random-github to use subnets in compartment cmbt-compartment-for-github-actions-deployment",
              "Allow dynamic-group dynamyc_group_random-github to use vnics in compartment cmbt-compartment-for-github-actions-deployment"
            ],
            "time_created": "2024-06-19 11:33:51.38 +0000 UTC",
            "timeouts": null,
            "version_date": null
          },
          "sensitive_attributes": [],
          "private": "eyJlMmJmYjczMC1lY2FhLTExZTYtOGY4OC0zNDM2M2JjN2M0YzAiOnsiY3JlYXRlIjoxMjAwMDAwMDAwMDAwLCJkZWxldGUiOjEyMDAwMDAwMDAwMDAsInVwZGF0ZSI6MTIwMDAwMDAwMDAwMH19",
          "dependencies": [
            "oci_identity_dynamic_group.dynamic_group_1"
          ]
        }
      ]
    },
    {
      "mode": "managed",
      "type": "oci_identity_policy",
      "name": "recommended_policy_3",
      "provider": "provider[\"registry.terraform.io/oracle/oci\"]",
      "instances": [
        {
          "schema_version": 0,
          "attributes": {
            "ETag": "fdb4a9aa2194716fed12227f6010ec33e14d5168",
            "compartment_id": "ocid1.compartment.oc1..aaaaaaaa7wiqnzbask76wdcufdwkglknslhaxfujnrnz5z7c72pvkg5t4cqa",
            "defined_tags": {
              "Oracle-Tags.CreatedBy": "default/cmbt1984@gmail.com",
              "Oracle-Tags.CreatedOn": "2024-06-19T11:33:51.407Z"
            },
            "description": "Recommended policies while creating the building pipeline in OCI DevOps. Policies for NSGs connection for managed build pipeline stage type.",
            "freeform_tags": {},
            "id": "ocid1.policy.oc1..aaaaaaaa2zgps62fcdugpivowu3uu2coebt7d3uvgmlhryz5lpd7td32evjq",
            "inactive_state": null,
            "lastUpdateETag": "fdb4a9aa2194716fed12227f6010ec33e14d5168",
            "name": "recommended_policy_3-github",
            "policyHash": "c97bf31d924c39f3317394f1e70c1a78",
            "state": "ACTIVE",
            "statements": [
              "Allow dynamic-group dynamyc_group_random-github to use network-security-groups in compartment cmbt-compartment-for-github-actions-deployment",
              "Allow dynamic-group dynamyc_group_random-github to use cabundles in compartment cmbt-compartment-for-github-actions-deployment"
            ],
            "time_created": "2024-06-19 11:33:51.488 +0000 UTC",
            "timeouts": null,
            "version_date": null
          },
          "sensitive_attributes": [],
          "private": "eyJlMmJmYjczMC1lY2FhLTExZTYtOGY4OC0zNDM2M2JjN2M0YzAiOnsiY3JlYXRlIjoxMjAwMDAwMDAwMDAwLCJkZWxldGUiOjEyMDAwMDAwMDAwMDAsInVwZGF0ZSI6MTIwMDAwMDAwMDAwMH19",
          "dependencies": [
            "oci_identity_dynamic_group.dynamic_group_1"
          ]
        }
      ]
    },
    {
      "mode": "managed",
      "type": "oci_identity_policy",
      "name": "recommended_policy_4",
      "provider": "provider[\"registry.terraform.io/oracle/oci\"]",
      "instances": [
        {
          "schema_version": 0,
          "attributes": {
            "ETag": "8fcaf34d3bf35d0869162fc40351ee656b723014",
            "compartment_id": "ocid1.compartment.oc1..aaaaaaaa7wiqnzbask76wdcufdwkglknslhaxfujnrnz5z7c72pvkg5t4cqa",
            "defined_tags": {
              "Oracle-Tags.CreatedBy": "default/cmbt1984@gmail.com",
              "Oracle-Tags.CreatedOn": "2024-06-19T11:33:51.391Z"
            },
            "description": "Recommended policies while creating the building pipeline in OCI DevOps. from this link: https://medium.com/@xsgdkh/infrastructure-provisioning-using-oci-devops-resource-manager-1e8a74d02a70 .",
            "freeform_tags": {},
            "id": "ocid1.policy.oc1..aaaaaaaa5h3spnv5pgc7g7tbf4ngpejkh2nb4fqmk2cf5s6zmbov65jxunnq",
            "inactive_state": null,
            "lastUpdateETag": "8fcaf34d3bf35d0869162fc40351ee656b723014",
            "name": "recommended_policy_4-github",
            "policyHash": "c96214b29968a6ab800499966ad3bb02",
            "state": "ACTIVE",
            "statements": [
              "Allow dynamic-group dynamyc_group_random-github to manage all-resources in compartment cmbt-compartment-for-github-actions-deployment",
              "Allow dynamic-group dynamyc_group_random-github to use log-content in compartment cmbt-compartment-for-github-actions-deployment"
            ],
            "time_created": "2024-06-19 11:33:51.615 +0000 UTC",
            "timeouts": null,
            "version_date": null
          },
          "sensitive_attributes": [],
          "private": "eyJlMmJmYjczMC1lY2FhLTExZTYtOGY4OC0zNDM2M2JjN2M0YzAiOnsiY3JlYXRlIjoxMjAwMDAwMDAwMDAwLCJkZWxldGUiOjEyMDAwMDAwMDAwMDAsInVwZGF0ZSI6MTIwMDAwMDAwMDAwMH19",
          "dependencies": [
            "oci_identity_dynamic_group.dynamic_group_1"
          ]
        }
      ]
    },
    {
      "mode": "managed",
      "type": "oci_identity_policy",
      "name": "recommended_tenancy_policy_1",
      "provider": "provider[\"registry.terraform.io/oracle/oci\"]",
      "instances": [
        {
          "schema_version": 0,
          "attributes": {
            "ETag": "342d8a35526f8261935ba41637e93804e594f7e5",
            "compartment_id": "ocid1.tenancy.oc1..aaaaaaaa2sfoudbchozbdw7nuktrnvtzxnij6c64zgbrrncqyid7hja4dl4q",
            "defined_tags": {
              "Oracle-Tags.CreatedBy": "default/cmbt1984@gmail.com",
              "Oracle-Tags.CreatedOn": "2024-06-19T11:33:51.078Z"
            },
            "description": "Recommended policies while creating the building pipeline in OCI DevOps. Allow Dynamic Group to read secret-family tenancy and to read DevOps family in the working compartment.",
            "freeform_tags": {},
            "id": "ocid1.policy.oc1..aaaaaaaabhymnzu2xaspxhr37ipdqvxbcfgmvdikzppeqfcjlycr3nekgmta",
            "inactive_state": null,
            "lastUpdateETag": "342d8a35526f8261935ba41637e93804e594f7e5",
            "name": "recommended_tenancy_policy_1-github",
            "policyHash": "6fc674cf9220a436e0ad842d87c858da",
            "state": "ACTIVE",
            "statements": [
              "Allow dynamic-group dynamyc_group_random-github to read secret-family in tenancy",
              "Allow dynamic-group dynamyc_group_random-github to read devops-family in compartment 'cmbt-compartment-for-github-actions-deployment'"
            ],
            "time_created": "2024-06-19 11:33:51.102 +0000 UTC",
            "timeouts": null,
            "version_date": null
          },
          "sensitive_attributes": [],
          "private": "eyJlMmJmYjczMC1lY2FhLTExZTYtOGY4OC0zNDM2M2JjN2M0YzAiOnsiY3JlYXRlIjoxMjAwMDAwMDAwMDAwLCJkZWxldGUiOjEyMDAwMDAwMDAwMDAsInVwZGF0ZSI6MTIwMDAwMDAwMDAwMH19",
          "dependencies": [
            "oci_identity_dynamic_group.dynamic_group_1"
          ]
        }
      ]
    },
    {
      "mode": "managed",
      "type": "oci_objectstorage_bucket",
      "name": "bucket_1",
      "provider": "provider[\"registry.terraform.io/oracle/oci\"]",
      "instances": [
        {
          "schema_version": 0,
          "attributes": {
            "access_type": "NoPublicAccess",
            "approximate_count": "0",
            "approximate_size": "0",
            "auto_tiering": "Disabled",
            "bucket_id": "ocid1.bucket.oc1.uk-london-1.aaaaaaaayjnzf3rjazzzylyu6vfolke7mw7fdslqobzwxo766jwk7i4oe6oq",
            "compartment_id": "ocid1.compartment.oc1..aaaaaaaa7wiqnzbask76wdcufdwkglknslhaxfujnrnz5z7c72pvkg5t4cqa",
            "created_by": "ocid1.user.oc1..aaaaaaaa5guya7j7wwxvsbbiojmptiuac4stb7z63t44fmdradywsdg27l4q",
            "defined_tags": {
              "Oracle-Tags.CreatedBy": "default/cmbt1984@gmail.com",
              "Oracle-Tags.CreatedOn": "2024-06-19T11:33:50.035Z"
            },
            "etag": "8cfa434e-372a-4e1d-9794-6f5faf8f4361",
            "freeform_tags": {},
            "id": "n/lr8wi8ngkuui/b/cmbt-bucket-github",
            "is_read_only": false,
            "kms_key_id": null,
            "metadata": null,
            "name": "cmbt-bucket-github",
            "namespace": "lr8wi8ngkuui",
            "object_events_enabled": false,
            "object_lifecycle_policy_etag": null,
            "replication_enabled": false,
            "retention_rules": [],
            "storage_tier": "Standard",
            "time_created": "2024-06-19 11:33:50.043 +0000 UTC",
            "timeouts": null,
            "versioning": "Disabled"
          },
          "sensitive_attributes": [],
          "private": "eyJlMmJmYjczMC1lY2FhLTExZTYtOGY4OC0zNDM2M2JjN2M0YzAiOnsiY3JlYXRlIjoxMjAwMDAwMDAwMDAwLCJkZWxldGUiOjEyMDAwMDAwMDAwMDAsInVwZGF0ZSI6MTIwMDAwMDAwMDAwMH19"
        }
      ]
    },
    {
      "module": "module.vcn_1",
      "mode": "managed",
      "type": "oci_core_default_security_list",
      "name": "lockdown",
      "provider": "provider[\"registry.terraform.io/oracle/oci\"]",
      "instances": [
        {
          "index_key": 0,
          "schema_version": 0,
          "attributes": {
            "compartment_id": "ocid1.compartment.oc1..aaaaaaaa7wiqnzbask76wdcufdwkglknslhaxfujnrnz5z7c72pvkg5t4cqa",
            "defined_tags": {
              "Oracle-Tags.CreatedBy": "default/cmbt1984@gmail.com",
              "Oracle-Tags.CreatedOn": "2024-06-19T11:33:49.982Z"
            },
            "display_name": "Default Security List for github-vcn-dev-1",
            "egress_security_rules": [],
            "freeform_tags": {
              "module": "oracle-terraform-modules/vcn/oci",
              "terraformed": "Please do not edit manually"
            },
            "id": "ocid1.securitylist.oc1.uk-london-1.aaaaaaaaew5l3rivw5x5g6mc7wjlu3ie2yi5yxjozuxrvhv7a4aaaaikp53q",
            "ingress_security_rules": [],
            "manage_default_resource_id": "ocid1.securitylist.oc1.uk-london-1.aaaaaaaaew5l3rivw5x5g6mc7wjlu3ie2yi5yxjozuxrvhv7a4aaaaikp53q",
            "state": "AVAILABLE",
            "time_created": "2024-06-19 11:33:50.057 +0000 UTC",
            "timeouts": null
          },
          "sensitive_attributes": [],
          "private": "eyJlMmJmYjczMC1lY2FhLTExZTYtOGY4OC0zNDM2M2JjN2M0YzAiOnsiY3JlYXRlIjoxMjAwMDAwMDAwMDAwLCJkZWxldGUiOjEyMDAwMDAwMDAwMDAsInVwZGF0ZSI6MTIwMDAwMDAwMDAwMH19",
          "dependencies": [
            "module.vcn_1.oci_core_vcn.vcn"
          ]
        }
      ]
    },
    {
      "module": "module.vcn_1",
      "mode": "managed",
      "type": "oci_core_vcn",
      "name": "vcn",
      "provider": "provider[\"registry.terraform.io/oracle/oci\"]",
      "instances": [
        {
          "schema_version": 0,
          "attributes": {
            "byoipv6cidr_blocks": [],
            "byoipv6cidr_details": null,
            "cidr_block": "10.0.0.0/20",
            "cidr_blocks": [
              "10.0.0.0/20"
            ],
            "compartment_id": "ocid1.compartment.oc1..aaaaaaaa7wiqnzbask76wdcufdwkglknslhaxfujnrnz5z7c72pvkg5t4cqa",
            "default_dhcp_options_id": "ocid1.dhcpoptions.oc1.uk-london-1.aaaaaaaakmghmyn3qkuga5kigjyyyyz4onwfi7rpqt5sxro7b3gxmjx7mk7a",
            "default_route_table_id": "ocid1.routetable.oc1.uk-london-1.aaaaaaaazgg5bxajog4brvp6rizpmnv3qrzrylbqbx4dnd4bmjd32my5db6a",
            "default_security_list_id": "ocid1.securitylist.oc1.uk-london-1.aaaaaaaaew5l3rivw5x5g6mc7wjlu3ie2yi5yxjozuxrvhv7a4aaaaikp53q",
            "defined_tags": {
              "Oracle-Tags.CreatedBy": "default/cmbt1984@gmail.com",
              "Oracle-Tags.CreatedOn": "2024-06-19T11:33:49.982Z"
            },
            "display_name": "github-vcn-dev-1",
            "dns_label": "vcnmodule",
            "freeform_tags": {
              "module": "oracle-terraform-modules/vcn/oci",
              "terraformed": "Please do not edit manually"
            },
            "id": "ocid1.vcn.oc1.uk-london-1.amaaaaaaqmuekxaa74aiumjrrznhytehw32yv4eeqppavqihr5tq2vw2j2da",
            "ipv6cidr_blocks": [],
            "ipv6private_cidr_blocks": [],
            "is_ipv6enabled": false,
            "is_oracle_gua_allocation_enabled": null,
            "state": "AVAILABLE",
            "time_created": "2024-06-19 11:33:50.057 +0000 UTC",
            "timeouts": null,
            "vcn_domain_name": "vcnmodule.oraclevcn.com"
          },
          "sensitive_attributes": [],
          "private": "eyJlMmJmYjczMC1lY2FhLTExZTYtOGY4OC0zNDM2M2JjN2M0YzAiOnsiY3JlYXRlIjoxMjAwMDAwMDAwMDAwLCJkZWxldGUiOjEyMDAwMDAwMDAwMDAsInVwZGF0ZSI6MTIwMDAwMDAwMDAwMH19"
        }
      ]
    },
    {
      "module": "module.vcn_2",
      "mode": "managed",
      "type": "oci_core_default_security_list",
      "name": "lockdown",
      "provider": "provider[\"registry.terraform.io/oracle/oci\"]",
      "instances": [
        {
          "index_key": 0,
          "schema_version": 0,
          "attributes": {
            "compartment_id": "ocid1.compartment.oc1..aaaaaaaa7wiqnzbask76wdcufdwkglknslhaxfujnrnz5z7c72pvkg5t4cqa",
            "defined_tags": {
              "Oracle-Tags.CreatedBy": "default/cmbt1984@gmail.com",
              "Oracle-Tags.CreatedOn": "2024-06-19T11:33:50.158Z"
            },
            "display_name": "Default Security List for github-vcn-dev-2",
            "egress_security_rules": [],
            "freeform_tags": {
              "module": "oracle-terraform-modules/vcn/oci",
              "terraformed": "Please do not edit manually"
            },
            "id": "ocid1.securitylist.oc1.uk-london-1.aaaaaaaapaisswcbwmpbcl2rbon3u5tnjj7hcwhcpxd6ozufo6sghmdqqy6q",
            "ingress_security_rules": [],
            "manage_default_resource_id": "ocid1.securitylist.oc1.uk-london-1.aaaaaaaapaisswcbwmpbcl2rbon3u5tnjj7hcwhcpxd6ozufo6sghmdqqy6q",
            "state": "AVAILABLE",
            "time_created": "2024-06-19 11:33:50.197 +0000 UTC",
            "timeouts": null
          },
          "sensitive_attributes": [],
          "private": "eyJlMmJmYjczMC1lY2FhLTExZTYtOGY4OC0zNDM2M2JjN2M0YzAiOnsiY3JlYXRlIjoxMjAwMDAwMDAwMDAwLCJkZWxldGUiOjEyMDAwMDAwMDAwMDAsInVwZGF0ZSI6MTIwMDAwMDAwMDAwMH19",
          "dependencies": [
            "module.vcn_2.oci_core_vcn.vcn"
          ]
        }
      ]
    },
    {
      "module": "module.vcn_2",
      "mode": "managed",
      "type": "oci_core_vcn",
      "name": "vcn",
      "provider": "provider[\"registry.terraform.io/oracle/oci\"]",
      "instances": [
        {
          "schema_version": 0,
          "attributes": {
            "byoipv6cidr_blocks": [],
            "byoipv6cidr_details": null,
            "cidr_block": "10.0.16.0/20",
            "cidr_blocks": [
              "10.0.16.0/20"
            ],
            "compartment_id": "ocid1.compartment.oc1..aaaaaaaa7wiqnzbask76wdcufdwkglknslhaxfujnrnz5z7c72pvkg5t4cqa",
            "default_dhcp_options_id": "ocid1.dhcpoptions.oc1.uk-london-1.aaaaaaaaneecpxdbouwmtoiogem4afkjdo2xm45s6vfbtotu2owpsrkea64a",
            "default_route_table_id": "ocid1.routetable.oc1.uk-london-1.aaaaaaaauzr77mjmil4dr4yns54yiwbvjbhglujjqdmba2dssgjadhwt6nea",
            "default_security_list_id": "ocid1.securitylist.oc1.uk-london-1.aaaaaaaapaisswcbwmpbcl2rbon3u5tnjj7hcwhcpxd6ozufo6sghmdqqy6q",
            "defined_tags": {
              "Oracle-Tags.CreatedBy": "default/cmbt1984@gmail.com",
              "Oracle-Tags.CreatedOn": "2024-06-19T11:33:50.158Z"
            },
            "display_name": "github-vcn-dev-2",
            "dns_label": "vcnmodule",
            "freeform_tags": {
              "module": "oracle-terraform-modules/vcn/oci",
              "terraformed": "Please do not edit manually"
            },
            "id": "ocid1.vcn.oc1.uk-london-1.amaaaaaaqmuekxaat6ssg5ut5agz2spedshmvntfhnqaubqub7uuw4yebuba",
            "ipv6cidr_blocks": [],
            "ipv6private_cidr_blocks": [],
            "is_ipv6enabled": false,
            "is_oracle_gua_allocation_enabled": null,
            "state": "AVAILABLE",
            "time_created": "2024-06-19 11:33:50.197 +0000 UTC",
            "timeouts": null,
            "vcn_domain_name": "vcnmodule.oraclevcn.com"
          },
          "sensitive_attributes": [],
          "private": "eyJlMmJmYjczMC1lY2FhLTExZTYtOGY4OC0zNDM2M2JjN2M0YzAiOnsiY3JlYXRlIjoxMjAwMDAwMDAwMDAwLCJkZWxldGUiOjEyMDAwMDAwMDAwMDAsInVwZGF0ZSI6MTIwMDAwMDAwMDAwMH19"
        }
      ]
    }
  ],
  "check_results": [
    {
      "object_kind": "var",
      "config_addr": "module.vcn_1.var.vcn_dns_label",
      "status": "pass",
      "objects": [
        {
          "object_addr": "module.vcn_1.var.vcn_dns_label",
          "status": "pass"
        }
      ]
    },
    {
      "object_kind": "var",
      "config_addr": "module.vcn_2.var.vcn_name",
      "status": "pass",
      "objects": [
        {
          "object_addr": "module.vcn_2.var.vcn_name",
          "status": "pass"
        }
      ]
    },
    {
      "object_kind": "var",
      "config_addr": "module.vcn_1.var.vcn_name",
      "status": "pass",
      "objects": [
        {
          "object_addr": "module.vcn_1.var.vcn_name",
          "status": "pass"
        }
      ]
    },
    {
      "object_kind": "var",
      "config_addr": "module.vcn_1.var.internet_gateway_display_name",
      "status": "unknown",
      "objects": [
        {
          "object_addr": "module.vcn_1.var.internet_gateway_display_name",
          "status": "unknown"
        }
      ]
    },
    {
      "object_kind": "var",
      "config_addr": "module.vcn_2.var.vcn_dns_label",
      "status": "pass",
      "objects": [
        {
          "object_addr": "module.vcn_2.var.vcn_dns_label",
          "status": "pass"
        }
      ]
    },
    {
      "object_kind": "var",
      "config_addr": "module.vcn_2.var.service_gateway_display_name",
      "status": "unknown",
      "objects": [
        {
          "object_addr": "module.vcn_2.var.service_gateway_display_name",
          "status": "unknown"
        }
      ]
    },
    {
      "object_kind": "var",
      "config_addr": "module.vcn_1.var.service_gateway_display_name",
      "status": "unknown",
      "objects": [
        {
          "object_addr": "module.vcn_1.var.service_gateway_display_name",
          "status": "unknown"
        }
      ]
    },
    {
      "object_kind": "var",
      "config_addr": "module.vcn_1.var.nat_gateway_display_name",
      "status": "unknown",
      "objects": [
        {
          "object_addr": "module.vcn_1.var.nat_gateway_display_name",
          "status": "unknown"
        }
      ]
    },
    {
      "object_kind": "var",
      "config_addr": "module.vcn_2.var.nat_gateway_display_name",
      "status": "unknown",
      "objects": [
        {
          "object_addr": "module.vcn_2.var.nat_gateway_display_name",
          "status": "unknown"
        }
      ]
    },
    {
      "object_kind": "var",
      "config_addr": "module.vcn_2.var.internet_gateway_display_name",
      "status": "unknown",
      "objects": [
        {
          "object_addr": "module.vcn_2.var.internet_gateway_display_name",
          "status": "unknown"
        }
      ]
    }
  ]
}
